
Microsoft Visual Studio Solution File, Format Version 12.00
# Visual Studio Version 17
VisualStudioVersion = 17.1.32328.378
MinimumVisualStudioVersion = 10.0.40219.1
Project("{9A19103F-16F7-4668-BE54-9A1E7A4F7556}") = "AssetViewerGUI", "AssetViewerGUI\AssetViewerGUI.csproj", "{E91D1485-730D-4E4D-939C-BB7A6A9BFDE3}"
EndProject
Project("{9A19103F-16F7-4668-BE54-9A1E7A4F7556}") = "DataParser", "DataParser\DataParser.csproj", "{EDFF3B4E-693C-47EE-B335-8FC0774C1341}"
EndProject
Project("{9A19103F-16F7-4668-BE54-9A1E7A4F7556}") = "TestApp", "TestApp\TestApp.csproj", "{08DF82BA-CD57-489C-8198-BEA0B72502A8}"
EndProject
Project("{9A19103F-16F7-4668-BE54-9A1E7A4F7556}") = "WebApp", "WebApp\WebApp.csproj", "{ABFE8A01-3211-450A-B25C-BC99E3529388}"
EndProject
Global
	GlobalSection(SolutionConfigurationPlatforms) = preSolution
		Debug|Any CPU = Debug|Any CPU
		Release|Any CPU = Release|Any CPU
	EndGlobalSection
	GlobalSection(ProjectConfigurationPlatforms) = postSolution
		{E91D1485-730D-4E4D-939C-BB7A6A9BFDE3}.Debug|Any CPU.ActiveCfg = Debug|Any CPU
		{E91D1485-730D-4E4D-939C-BB7A6A9BFDE3}.Debug|Any CPU.Build.0 = Debug|Any CPU
		{E91D1485-730D-4E4D-939C-BB7A6A9BFDE3}.Release|Any CPU.ActiveCfg = Release|Any CPU
		{E91D1485-730D-4E4D-939C-BB7A6A9BFDE3}.Release|Any CPU.Build.0 = Release|Any CPU
		{EDFF3B4E-693C-47EE-B335-8FC0774C1341}.Debug|Any CPU.ActiveCfg = Debug|Any CPU
		{EDFF3B4E-693C-47EE-B335-8FC0774C1341}.Debug|Any CPU.Build.0 = Debug|Any CPU
		{EDFF3B4E-693C-47EE-B335-8FC0774C1341}.Release|Any CPU.ActiveCfg = Release|Any CPU
		{EDFF3B4E-693C-47EE-B335-8FC0774C1341}.Release|Any CPU.Build.0 = Release|Any CPU
		{08DF82BA-CD57-489C-8198-BEA0B72502A8}.Debug|Any CPU.ActiveCfg = Debug|Any CPU
		{08DF82BA-CD57-489C-8198-BEA0B72502A8}.Debug|Any CPU.Build.0 = Debug|Any CPU
		{08DF82BA-CD57-489C-8198-BEA0B72502A8}.Release|Any CPU.ActiveCfg = Release|Any CPU
		{08DF82BA-CD57-489C-8198-BEA0B72502A8}.Release|Any CPU.Build.0 = Release|Any CPU
		{ABFE8A01-3211-450A-B25C-BC99E3529388}.Debug|Any CPU.ActiveCfg = Debug|Any CPU
		{ABFE8A01-3211-450A-B25C-BC99E3529388}.Debug|Any CPU.Build.0 = Debug|Any CPU
		{ABFE8A01-3211-450A-B25C-BC99E3529388}.Release|Any CPU.ActiveCfg = Release|Any CPU
		{ABFE8A01-3211-450A-B25C-BC99E3529388}.Release|Any CPU.Build.0 = Release|Any CPU
	EndGlobalSection
	GlobalSection(SolutionProperties) = preSolution
		HideSolutionNode = FALSE
	EndGlobalSection
	GlobalSection(ExtensibilityGlobals) = postSolution
		SolutionGuid = {24A47D58-7871-426D-9AEE-769338BEE063}
	EndGlobalSection
EndGlobal
